
Microsoft Visual Studio Solution File, Format Version 12.00
# Visual Studio Version 17
VisualStudioVersion = 17.2.32422.2
MinimumVisualStudioVersion = 10.0.40219.1
Project("{9A19103F-16F7-4668-BE54-9A1E7A4F7556}") = "Sewer56.BitStream", "Sewer56.BitStream\Sewer56.BitStream.csproj", "{8E859AE7-6B36-4648-BC96-F8FEED334D1D}"
EndProject
Project("{9A19103F-16F7-4668-BE54-9A1E7A4F7556}") = "Sewer56.BitStream.Tests", "Sewer56.BitStream.Tests\Sewer56.BitStream.Tests.csproj", "{DED1892D-4CF1-4542-8618-68C10B13A01D}"
EndProject
Project("{9A19103F-16F7-4668-BE54-9A1E7A4F7556}") = "Sewer56.BitStream.Benchmarks", "Sewer56.BitStream.Benchmarks\Sewer56.BitStream.Benchmarks.csproj", "{72C17D49-6F20-44B1-B5A0-87E9919183BF}"
EndProject
Project("{2150E333-8FDC-42A3-9474-1A3956D46DE8}") = "Trimming", "Trimming", "{FDE66DAE-12AF-4DF7-B782-C63B4446FAED}"
EndProject
Project("{FAE04EC0-301F-11D3-BF4B-00C04F79EFBC}") = "Sewer56.BitStream.Trim.Dummy", "Trimming\Sewer56.BitStream.Trim.Dummy\Sewer56.BitStream.Trim.Dummy.csproj", "{3AA93A98-BBFF-444B-8C00-AC31F5B64243}"
EndProject
Global
	GlobalSection(SolutionConfigurationPlatforms) = preSolution
		Debug|Any CPU = Debug|Any CPU
		Release|Any CPU = Release|Any CPU
	EndGlobalSection
	GlobalSection(ProjectConfigurationPlatforms) = postSolution
		{8E859AE7-6B36-4648-BC96-F8FEED334D1D}.Debug|Any CPU.ActiveCfg = Debug|Any CPU
		{8E859AE7-6B36-4648-BC96-F8FEED334D1D}.Debug|Any CPU.Build.0 = Debug|Any CPU
		{8E859AE7-6B36-4648-BC96-F8FEED334D1D}.Release|Any CPU.ActiveCfg = Release|Any CPU
		{8E859AE7-6B36-4648-BC96-F8FEED334D1D}.Release|Any CPU.Build.0 = Release|Any CPU
		{DED1892D-4CF1-4542-8618-68C10B13A01D}.Debug|Any CPU.ActiveCfg = Debug|Any CPU
		{DED1892D-4CF1-4542-8618-68C10B13A01D}.Debug|Any CPU.Build.0 = Debug|Any CPU
		{DED1892D-4CF1-4542-8618-68C10B13A01D}.Release|Any CPU.ActiveCfg = Release|Any CPU
		{DED1892D-4CF1-4542-8618-68C10B13A01D}.Release|Any CPU.Build.0 = Release|Any CPU
		{72C17D49-6F20-44B1-B5A0-87E9919183BF}.Debug|Any CPU.ActiveCfg = Debug|Any CPU
		{72C17D49-6F20-44B1-B5A0-87E9919183BF}.Debug|Any CPU.Build.0 = Debug|Any CPU
		{72C17D49-6F20-44B1-B5A0-87E9919183BF}.Release|Any CPU.ActiveCfg = Release|Any CPU
		{72C17D49-6F20-44B1-B5A0-87E9919183BF}.Release|Any CPU.Build.0 = Release|Any CPU
		{3AA93A98-BBFF-444B-8C00-AC31F5B64243}.Debug|Any CPU.ActiveCfg = Debug|Any CPU
		{3AA93A98-BBFF-444B-8C00-AC31F5B64243}.Debug|Any CPU.Build.0 = Debug|Any CPU
		{3AA93A98-BBFF-444B-8C00-AC31F5B64243}.Release|Any CPU.ActiveCfg = Release|Any CPU
		{3AA93A98-BBFF-444B-8C00-AC31F5B64243}.Release|Any CPU.Build.0 = Release|Any CPU
	EndGlobalSection
	GlobalSection(SolutionProperties) = preSolution
		HideSolutionNode = FALSE
	EndGlobalSection
	GlobalSection(NestedProjects) = preSolution
		{3AA93A98-BBFF-444B-8C00-AC31F5B64243} = {FDE66DAE-12AF-4DF7-B782-C63B4446FAED}
	EndGlobalSection
	GlobalSection(ExtensibilityGlobals) = postSolution
		SolutionGuid = {8AD35201-7697-493B-82DC-C03F16C579E2}
	EndGlobalSection
EndGlobal
